{
  "name": "kangaroo",
  "version": "0.0.4",
  "lockfileVersion": 1,
  "requires": true,
  "dependencies": {
    "mini-antui": {
      "version": "0.4.26",
      "resolved": "https://registry.npm.taobao.org/mini-antui/download/mini-antui-0.4.26.tgz",
      "integrity": "sha1-UdETnSB3H8Ke/3xhZlLiNcyAask="
    }
  }
}
